
Microsoft Visual Studio Solution File, Format Version 11.00
# Visual C++ Express 2010
Project("{8BC9CEB8-8B4A-11D0-8D11-00A0C91BC942}") = "Curlyt", "Curlyt.vcxproj", "{753A91FF-E561-409C-ABFC-923B5D91B63C}"
	ProjectSection(ProjectDependencies) = postProject
		{4A046E64-8796-4E90-8E04-F4FC8A1E64A9} = {4A046E64-8796-4E90-8E04-F4FC8A1E64A9}
	EndProjectSection
EndProject
Project("{8BC9CEB8-8B4A-11D0-8D11-00A0C91BC942}") = "CLHook", "CLHook.vcxproj", "{4A046E64-8796-4E90-8E04-F4FC8A1E64A9}"
EndProject
Project("{8BC9CEB8-8B4A-11D0-8D11-00A0C91BC942}") = "GenLangName", "GenLangName.vcxproj", "{86F7AF9F-42F1-43DC-B161-728A91FBDADF}"
EndProject
Global
	GlobalSection(SolutionConfigurationPlatforms) = preSolution
		Debug|Win32 = Debug|Win32
		Debug|x64 = Debug|x64
		Release|Win32 = Release|Win32
		Release|x64 = Release|x64
	EndGlobalSection
	GlobalSection(ProjectConfigurationPlatforms) = postSolution
		{753A91FF-E561-409C-ABFC-923B5D91B63C}.Debug|Win32.ActiveCfg = Debug|Win32
		{753A91FF-E561-409C-ABFC-923B5D91B63C}.Debug|Win32.Build.0 = Debug|Win32
		{753A91FF-E561-409C-ABFC-923B5D91B63C}.Debug|x64.ActiveCfg = Debug|x64
		{753A91FF-E561-409C-ABFC-923B5D91B63C}.Debug|x64.Build.0 = Debug|x64
		{753A91FF-E561-409C-ABFC-923B5D91B63C}.Release|Win32.ActiveCfg = Release|Win32
		{753A91FF-E561-409C-ABFC-923B5D91B63C}.Release|Win32.Build.0 = Release|Win32
		{753A91FF-E561-409C-ABFC-923B5D91B63C}.Release|x64.ActiveCfg = Release|x64
		{753A91FF-E561-409C-ABFC-923B5D91B63C}.Release|x64.Build.0 = Release|x64
		{4A046E64-8796-4E90-8E04-F4FC8A1E64A9}.Debug|Win32.ActiveCfg = Debug|Win32
		{4A046E64-8796-4E90-8E04-F4FC8A1E64A9}.Debug|Win32.Build.0 = Debug|Win32
		{4A046E64-8796-4E90-8E04-F4FC8A1E64A9}.Debug|x64.ActiveCfg = Debug|x64
		{4A046E64-8796-4E90-8E04-F4FC8A1E64A9}.Debug|x64.Build.0 = Debug|x64
		{4A046E64-8796-4E90-8E04-F4FC8A1E64A9}.Release|Win32.ActiveCfg = Release|Win32
		{4A046E64-8796-4E90-8E04-F4FC8A1E64A9}.Release|Win32.Build.0 = Release|Win32
		{4A046E64-8796-4E90-8E04-F4FC8A1E64A9}.Release|x64.ActiveCfg = Release|x64
		{4A046E64-8796-4E90-8E04-F4FC8A1E64A9}.Release|x64.Build.0 = Release|x64
		{86F7AF9F-42F1-43DC-B161-728A91FBDADF}.Debug|Win32.ActiveCfg = Debug|Win32
		{86F7AF9F-42F1-43DC-B161-728A91FBDADF}.Debug|Win32.Build.0 = Debug|Win32
		{86F7AF9F-42F1-43DC-B161-728A91FBDADF}.Debug|x64.ActiveCfg = Debug|x64
		{86F7AF9F-42F1-43DC-B161-728A91FBDADF}.Debug|x64.Build.0 = Debug|x64
		{86F7AF9F-42F1-43DC-B161-728A91FBDADF}.Release|Win32.ActiveCfg = Release|Win32
		{86F7AF9F-42F1-43DC-B161-728A91FBDADF}.Release|Win32.Build.0 = Release|Win32
		{86F7AF9F-42F1-43DC-B161-728A91FBDADF}.Release|x64.ActiveCfg = Release|x64
		{86F7AF9F-42F1-43DC-B161-728A91FBDADF}.Release|x64.Build.0 = Release|x64
	EndGlobalSection
	GlobalSection(SolutionProperties) = preSolution
		HideSolutionNode = FALSE
	EndGlobalSection
EndGlobal
